
Microsoft Visual Studio Solution File, Format Version 12.00
# Visual Studio 14
VisualStudioVersion = 14.0.25420.1
MinimumVisualStudioVersion = 10.0.40219.1
Project("{159641D6-6404-4A2A-AE62-294DE0FE8301}") = "MaxMinManufacturingDMLoad2", "MaxMinManufacturingDMLoad2\MaxMinManufacturingDMLoad2.dtproj", "{4C415734-AA2C-4EA8-B74A-6BFFF0F63D3E}"
EndProject
Global
	GlobalSection(SolutionConfigurationPlatforms) = preSolution
		Development|Default = Development|Default
	EndGlobalSection
	GlobalSection(ProjectConfigurationPlatforms) = postSolution
		{4C415734-AA2C-4EA8-B74A-6BFFF0F63D3E}.Development|Default.ActiveCfg = Development
		{4C415734-AA2C-4EA8-B74A-6BFFF0F63D3E}.Development|Default.Build.0 = Development
	EndGlobalSection
	GlobalSection(SolutionProperties) = preSolution
		HideSolutionNode = FALSE
	EndGlobalSection
EndGlobal
